
Microsoft Visual Studio Solution File, Format Version 12.00
# Visual Studio Version 17
VisualStudioVersion = 17.1.32328.378
MinimumVisualStudioVersion = 10.0.40219.1
Project("{FAE04EC0-301F-11D3-BF4B-00C04F79EFBC}") = "ConfigurationFileJson", "ConfigurationFileJson.csproj", "{BB93D09D-97EA-43E5-A147-A8929964811B}"
EndProject
Global
	GlobalSection(SolutionConfigurationPlatforms) = preSolution
		Debug|Any CPU = Debug|Any CPU
		Release|Any CPU = Release|Any CPU
	EndGlobalSection
	GlobalSection(ProjectConfigurationPlatforms) = postSolution
		{BB93D09D-97EA-43E5-A147-A8929964811B}.Debug|Any CPU.ActiveCfg = Debug|Any CPU
		{BB93D09D-97EA-43E5-A147-A8929964811B}.Debug|Any CPU.Build.0 = Debug|Any CPU
		{BB93D09D-97EA-43E5-A147-A8929964811B}.Release|Any CPU.ActiveCfg = Release|Any CPU
		{BB93D09D-97EA-43E5-A147-A8929964811B}.Release|Any CPU.Build.0 = Release|Any CPU
	EndGlobalSection
	GlobalSection(SolutionProperties) = preSolution
		HideSolutionNode = FALSE
	EndGlobalSection
	GlobalSection(ExtensibilityGlobals) = postSolution
		SolutionGuid = {D0D03D32-6330-4598-85D9-202E08FAAE1A}
	EndGlobalSection
EndGlobal
